
Microsoft Visual Studio Solution File, Format Version 12.00
# Visual Studio Version 16
VisualStudioVersion = 16.0.35706.149
MinimumVisualStudioVersion = 10.0.40219.1
Project("{FAE04EC0-301F-11D3-BF4B-00C04F79EFBC}") = "Project Test GIt", "Project Test GIt.csproj", "{DCDF6C2A-E6E8-46B7-842A-7BD038DDEA29}"
EndProject
Global
	GlobalSection(SolutionConfigurationPlatforms) = preSolution
		Debug|Any CPU = Debug|Any CPU
		Release|Any CPU = Release|Any CPU
	EndGlobalSection
	GlobalSection(ProjectConfigurationPlatforms) = postSolution
		{DCDF6C2A-E6E8-46B7-842A-7BD038DDEA29}.Debug|Any CPU.ActiveCfg = Debug|Any CPU
		{DCDF6C2A-E6E8-46B7-842A-7BD038DDEA29}.Debug|Any CPU.Build.0 = Debug|Any CPU
		{DCDF6C2A-E6E8-46B7-842A-7BD038DDEA29}.Release|Any CPU.ActiveCfg = Release|Any CPU
		{DCDF6C2A-E6E8-46B7-842A-7BD038DDEA29}.Release|Any CPU.Build.0 = Release|Any CPU
	EndGlobalSection
	GlobalSection(SolutionProperties) = preSolution
		HideSolutionNode = FALSE
	EndGlobalSection
	GlobalSection(ExtensibilityGlobals) = postSolution
		SolutionGuid = {25B007E6-E85C-4D92-8ABE-550564173293}
	EndGlobalSection
EndGlobal
